{
  "version": "1.0.0",
  "dependencies": {
    "rocks": {
      "53ea714ba9651ef9185052dbfa7a2492a36ccc81ed15332fb8bf1ab4c05c3ec5": {
        "name": "lpeg",
        "version": "1.1.0-2",
        "pinned": false,
        "opt": false,
        "dependencies": [],
        "constraint": "==1.1.0",
        "binaries": [],
        "source": "luarocks_rockspec+https://luarocks.org/",
        "source_url": {
          "type": "url",
          "url": "https://www.inf.puc-rio.br/~roberto/lpeg/lpeg-1.1.0.tar.gz"
        },
        "hashes": {
          "rockspec": "sha256-RCmG2ljJgEOWkp3Rsmty33/7a4qqLfpc0IhOHLq2Cz0=",
          "source": "sha256-SxVdZ9IkbB/6ete8RmweqJm7xA/vAlfMnAPOy67UNSo="
        }
      }
    },
    "entrypoints": [
      "53ea714ba9651ef9185052dbfa7a2492a36ccc81ed15332fb8bf1ab4c05c3ec5"
    ]
  },
  "test_dependencies": {
    "rocks": {
      "01a3c364614bddff7370223a5a9c4580f8e62d144384148444c518ec5367a59b": {
        "name": "mediator_lua",
        "version": "1.1.2-0",
        "pinned": false,
        "opt": false,
        "dependencies": [],
        "constraint": ">=1.1.1",
        "binaries": [],
        "source": "luarocks_rockspec+https://luarocks.org/",
        "source_url": {
          "type": "url",
          "url": "https://github.com/Olivine-Labs/mediator_lua/archive/v1.1.2-0.tar.gz"
        },
        "hashes": {
          "rockspec": "sha256-dR3r7+CqAPqTwK5jcZIgVSiemUiwIx0UMMIUEY/bPzs=",
          "source": "sha256-+vWFn9IIG+Tp5PuIc6LcZffv8/2T1t0U2mX44SP8/5s="
        }
      },
      "14a12ec6080e7e9ec24d84932227f38833732b5d73a32673f63d448c204dc550": {
        "name": "dkjson",
        "version": "2.8-2",
        "pinned": false,
        "opt": false,
        "dependencies": [],
        "constraint": ">=2.1.0",
        "binaries": [],
        "source": "luarocks_rockspec+https://luarocks.org/",
        "source_url": {
          "type": "url",
          "url": "https://dkolf.de/dkjson-lua/dkjson-2.8.tar.gz"
        },
        "hashes": {
          "rockspec": "sha256-x2SxooqaXo4zME2WBwOOtQ76zCV9h2wXrnsS46rbJEM=",
          "source": "sha256-JOjNO+uRwchh63uz+8m9QYu/+a1KpdBHGBYlgjajFTI="
        }
      },
      "287e827f4a088d41bba04af5f61a13614346c16fe8150eb7c4246e67d6fd163e": {
        "name": "lua-term",
        "version": "0.8-1",
        "pinned": false,
        "opt": false,
        "dependencies": [],
        "constraint": ">=0.1",
        "binaries": [],
        "source": "luarocks_rockspec+https://luarocks.org/",
        "source_url": {
          "type": "url",
          "url": "https://github.com/hoelzro/lua-term/archive/0.08.tar.gz"
        },
        "hashes": {
          "rockspec": "sha256-QB/befI0oJBIBdaM+a+zuQT8dTk0f+ZDLQxq1IekSJw=",
          "source": "sha256-j/lPOQ6p2YxzRpk3PKOwzlANZRsqscuNfSM2/Ft5ze0="
        }
      },
      "2bd1c8e4fea66a88aeb65c1c8a3d0efdf188d681d2d47f163b976a771545aac9": {
        "name": "penlight",
        "version": "1.15.0-1",
        "pinned": false,
        "opt": false,
        "dependencies": [
          "611b19eca413e8557258c177563402d31094cde79f82d340f5648d2ac8f3b8a1"
        ],
        "constraint": ">=1.15.0",
        "binaries": [],
        "source": "luarocks_rockspec+https://luarocks.org/",
        "source_url": {
          "type": "url",
          "url": "https://luarocks.org/penlight-1.15.0-1.src.rock"
        },
        "hashes": {
          "rockspec": "sha256-blt3sqlz+76U8RAtPtfvEqw4+VACI90TFHn+fTcQlVQ=",
          "source": "sha256-uhOLi7yRb0Kttbh2xI0lQRT0FuiGeQL4w0/qJ4gUCXM="
        }
      },
      "455cd98d50c6191a9685cffcda4ce783efbb957934625e134c39f43bd5df6818": {
        "name": "luassert",
        "version": "1.9.0-1",
        "pinned": false,
        "opt": false,
        "dependencies": [
          "4e9592a499c9ced4f8ce366db9db7d9c0dd1424ea8d4c8c16c1550ea3a61a696"
        ],
        "constraint": ">=1.9.0",
        "binaries": [],
        "source": "luarocks_rockspec+https://luarocks.org/",
        "source_url": {
          "type": "url",
          "url": "https://luarocks.org/luassert-1.9.0-1.src.rock"
        },
        "hashes": {
          "rockspec": "sha256-rTPvF/GK/jMnH/q4wbwTCGBFELWh+JcvHeOCFAbIf64=",
          "source": "sha256-FGp7Lsjgyt99vKbcmT3rzSCQ4OT99cYy2fTsIGcDV90="
        }
      },
      "47b12edcdc032232157ace97bddf34bddd17f6f458095885e62bbd602ad9e9ec": {
        "name": "luasystem",
        "version": "0.6.3-1",
        "pinned": false,
        "opt": false,
        "dependencies": [],
        "constraint": ">=0.2.0",
        "binaries": [],
        "source": "luarocks_rockspec+https://luarocks.org/",
        "source_url": {
          "type": "url",
          "url": "https://luarocks.org/luasystem-0.6.3-1.src.rock"
        },
        "hashes": {
          "rockspec": "sha256-TAprv90NktNCgtoH3wHuRZS+FHvUCNZ2XcDvu23OFX8=",
          "source": "sha256-guQ410t21xn5Jmb3pIvsPKS0lj3iD5S6Tm0YXt9UbQ4="
        }
      },
      "492e98b7348dc202d033de2ac35076c132b4721e5449ffe71c0adba0c7a8894c": {
        "name": "luacov",
        "version": "0.17.0-1",
        "pinned": false,
        "opt": false,
        "dependencies": [
          "e496d4ec14c0feec0b3eac3f622f59eb3777d6e63b24469fdb464841e6ab4e63"
        ],
        "constraint": "==0.17.0",
        "binaries": [
          "luacov",
          "luacov"
        ],
        "source": "luarocks_rockspec+https://luarocks.org/",
        "source_url": {
          "type": "url",
          "url": "https://luarocks.org/luacov-0.17.0-1.src.rock"
        },
        "hashes": {
          "rockspec": "sha256-XmLWV0w2cnJNMPgU/d7M/fZU85TkOsr9sgwO7yy4UhA=",
          "source": "sha256-ikYO5GVg133SyZdavvPovpOA6JOfJY6R9YOxAd9sKx8="
        }
      },
      "4e9592a499c9ced4f8ce366db9db7d9c0dd1424ea8d4c8c16c1550ea3a61a696": {
        "name": "say",
        "version": "1.4.1-3",
        "pinned": false,
        "opt": false,
        "dependencies": [],
        "constraint": ">=1.4.0",
        "binaries": [],
        "source": "luarocks_rockspec+https://luarocks.org/",
        "source_url": {
          "type": "url",
          "url": "https://luarocks.org/say-1.4.1-3.src.rock"
        },
        "hashes": {
          "rockspec": "sha256-WFKt1iWeyjO9A8SG0KUX8tkS9JvMqoVM8CKBUguuK0Y=",
          "source": "sha256-kKHAJT7DjWYoAH7vC0JNBwfQ8+BEL85HimJxEesCuwc="
        }
      },
      "5abed54457baf9037ff989a1ec78172ee7483d87e794bc9175dbed61f08be72c": {
        "name": "lua_cliargs",
        "version": "3.0.2-1",
        "pinned": false,
        "opt": false,
        "dependencies": [],
        "constraint": ">=3.0",
        "binaries": [
          "docs",
          "watch-tests.sh",
          "release",
          "coverage",
          "lint"
        ],
        "source": "luarocks_rockspec+https://luarocks.org/",
        "source_url": {
          "type": "url",
          "url": "https://luarocks.org/lua_cliargs-3.0.2-1.src.rock"
        },
        "hashes": {
          "rockspec": "sha256-7qJVHj/KebRkOmK8pxNspNeuXIksdExjKrNhdWOy474=",
          "source": "sha256-ot+9PwI26vSwQh29BqYx2StVAzXrJjtyg+EWGm6Q2S4="
        }
      },
      "611b19eca413e8557258c177563402d31094cde79f82d340f5648d2ac8f3b8a1": {
        "name": "luafilesystem",
        "version": "1.9.0-1",
        "pinned": false,
        "opt": false,
        "dependencies": [],
        "constraint": null,
        "binaries": [],
        "source": "luarocks_rockspec+https://luarocks.org/",
        "source_url": {
          "type": "url",
          "url": "https://luarocks.org/luafilesystem-1.9.0-1.src.rock"
        },
        "hashes": {
          "rockspec": "sha256-Mrv7QKI6EAY6jzMrh0VWAZIy5KAem82cDPtCIRji4ck=",
          "source": "sha256-PeaNYZ9q2Von9HKIFDdUR9khMFGUtwUN7mGZBXwxKC8="
        }
      },
      "6ce29c2c535c40246c386c056f24689344cddb56ec397473931431e6b67694d2": {
        "name": "say",
        "version": "1.4.1-3",
        "pinned": false,
        "opt": false,
        "dependencies": [],
        "constraint": ">=1.4",
        "binaries": [],
        "source": "luarocks_rockspec+https://luarocks.org/",
        "source_url": {
          "type": "url",
          "url": "https://luarocks.org/say-1.4.1-3.src.rock"
        },
        "hashes": {
          "rockspec": "sha256-WFKt1iWeyjO9A8SG0KUX8tkS9JvMqoVM8CKBUguuK0Y=",
          "source": "sha256-kKHAJT7DjWYoAH7vC0JNBwfQ8+BEL85HimJxEesCuwc="
        }
      },
      "aa700d6a934caa749d578927c97e22211ffabf97234705d63e95dc6403f6aafe": {
        "name": "busted",
        "version": "2.3.0-1",
        "pinned": false,
        "opt": false,
        "dependencies": [
          "5abed54457baf9037ff989a1ec78172ee7483d87e794bc9175dbed61f08be72c",
          "47b12edcdc032232157ace97bddf34bddd17f6f458095885e62bbd602ad9e9ec",
          "14a12ec6080e7e9ec24d84932227f38833732b5d73a32673f63d448c204dc550",
          "6ce29c2c535c40246c386c056f24689344cddb56ec397473931431e6b67694d2",
          "455cd98d50c6191a9685cffcda4ce783efbb957934625e134c39f43bd5df6818",
          "287e827f4a088d41bba04af5f61a13614346c16fe8150eb7c4246e67d6fd163e",
          "2bd1c8e4fea66a88aeb65c1c8a3d0efdf188d681d2d47f163b976a771545aac9",
          "01a3c364614bddff7370223a5a9c4580f8e62d144384148444c518ec5367a59b"
        ],
        "constraint": null,
        "binaries": [
          "busted",
          "busted"
        ],
        "source": "luarocks_rockspec+https://luarocks.org/",
        "source_url": {
          "type": "url",
          "url": "https://luarocks.org/busted-2.3.0-1.src.rock"
        },
        "hashes": {
          "rockspec": "sha256-JCyIPhIqs8DLMRjnKaaLUFbeqcTc4yYMRd6BPMAMxLU=",
          "source": "sha256-TavMIslhCg1yac/mgxjWjtmi2q7t3dwPaLhzr5iD5y4="
        }
      },
      "b8463523b3c133a6e44d11871970d8620660e7e355956e600711957ec77061d1": {
        "name": "luafilesystem",
        "version": "1.9.0-1",
        "pinned": false,
        "opt": false,
        "dependencies": [],
        "constraint": "==1.9.0",
        "binaries": [],
        "source": "luarocks_rockspec+https://luarocks.org/",
        "source_url": {
          "type": "url",
          "url": "https://luarocks.org/luafilesystem-1.9.0-1.src.rock"
        },
        "hashes": {
          "rockspec": "sha256-Mrv7QKI6EAY6jzMrh0VWAZIy5KAem82cDPtCIRji4ck=",
          "source": "sha256-PeaNYZ9q2Von9HKIFDdUR9khMFGUtwUN7mGZBXwxKC8="
        }
      },
      "e496d4ec14c0feec0b3eac3f622f59eb3777d6e63b24469fdb464841e6ab4e63": {
        "name": "datafile",
        "version": "0.11-1",
        "pinned": false,
        "opt": false,
        "dependencies": [],
        "constraint": null,
        "binaries": [],
        "source": "luarocks_rockspec+https://luarocks.org/",
        "source_url": {
          "type": "url",
          "url": "https://luarocks.org/datafile-0.11-1.src.rock"
        },
        "hashes": {
          "rockspec": "sha256-2DDuPfJZustlH90MsItOvpTv2+weKIyFE2SwPxX2ICY=",
          "source": "sha256-BVbek0znNSYR+Q9tkKGnGr094uQqoDIwR8fMtEdR5cY="
        }
      }
    },
    "entrypoints": [
      "492e98b7348dc202d033de2ac35076c132b4721e5449ffe71c0adba0c7a8894c",
      "aa700d6a934caa749d578927c97e22211ffabf97234705d63e95dc6403f6aafe",
      "b8463523b3c133a6e44d11871970d8620660e7e355956e600711957ec77061d1"
    ]
  }
}